
Microsoft Visual Studio Solution File, Format Version 12.00
# Visual Studio 15
Project("{FAE04EC0-301F-11D3-BF4B-00C04F79EFBC}") = "Assembly-CSharp", "Assembly-CSharp.csproj", "{0AFAF2A2-084D-6522-4D46-21F5A5D7A73A}"
EndProject
Project("{FAE04EC0-301F-11D3-BF4B-00C04F79EFBC}") = "CFXRDemo", "CFXRDemo.csproj", "{A8B4695E-0921-7081-9603-B5818AFD27E7}"
EndProject
Project("{FAE04EC0-301F-11D3-BF4B-00C04F79EFBC}") = "CFXRRuntime", "CFXRRuntime.csproj", "{D90EFAE8-1A17-6D28-D0B4-96D1432891BF}"
EndProject
Project("{FAE04EC0-301F-11D3-BF4B-00C04F79EFBC}") = "KinoBloom.Runtime", "KinoBloom.Runtime.csproj", "{97FF3688-4409-C589-EE32-3898FD6BC7E6}"
EndProject
Project("{FAE04EC0-301F-11D3-BF4B-00C04F79EFBC}") = "CFXREditor", "CFXREditor.csproj", "{B152742B-B98F-DEF1-7EC0-684D8FD25DDB}"
EndProject
Project("{FAE04EC0-301F-11D3-BF4B-00C04F79EFBC}") = "CFXR.WelcomeScreen", "CFXR.WelcomeScreen.csproj", "{7DC8FF95-3E7C-0676-80D9-86AADFF1F077}"
EndProject
Project("{FAE04EC0-301F-11D3-BF4B-00C04F79EFBC}") = "ToonyColorsPro.Demo.Editor", "ToonyColorsPro.Demo.Editor.csproj", "{4048681B-0159-955F-A7CC-2C5C2CE87FD3}"
EndProject
Global
	GlobalSection(SolutionConfigurationPlatforms) = preSolution
		Debug|Any CPU = Debug|Any CPU
		Release|Any CPU = Release|Any CPU
	EndGlobalSection
	GlobalSection(ProjectConfigurationPlatforms) = postSolution
		{0AFAF2A2-084D-6522-4D46-21F5A5D7A73A}.Debug|Any CPU.ActiveCfg = Debug|Any CPU
		{0AFAF2A2-084D-6522-4D46-21F5A5D7A73A}.Debug|Any CPU.Build.0 = Debug|Any CPU
		{0AFAF2A2-084D-6522-4D46-21F5A5D7A73A}.Release|Any CPU.ActiveCfg = Release|Any CPU
		{0AFAF2A2-084D-6522-4D46-21F5A5D7A73A}.Release|Any CPU.Build.0 = Release|Any CPU
		{A8B4695E-0921-7081-9603-B5818AFD27E7}.Debug|Any CPU.ActiveCfg = Debug|Any CPU
		{A8B4695E-0921-7081-9603-B5818AFD27E7}.Debug|Any CPU.Build.0 = Debug|Any CPU
		{A8B4695E-0921-7081-9603-B5818AFD27E7}.Release|Any CPU.ActiveCfg = Release|Any CPU
		{A8B4695E-0921-7081-9603-B5818AFD27E7}.Release|Any CPU.Build.0 = Release|Any CPU
		{D90EFAE8-1A17-6D28-D0B4-96D1432891BF}.Debug|Any CPU.ActiveCfg = Debug|Any CPU
		{D90EFAE8-1A17-6D28-D0B4-96D1432891BF}.Debug|Any CPU.Build.0 = Debug|Any CPU
		{D90EFAE8-1A17-6D28-D0B4-96D1432891BF}.Release|Any CPU.ActiveCfg = Release|Any CPU
		{D90EFAE8-1A17-6D28-D0B4-96D1432891BF}.Release|Any CPU.Build.0 = Release|Any CPU
		{97FF3688-4409-C589-EE32-3898FD6BC7E6}.Debug|Any CPU.ActiveCfg = Debug|Any CPU
		{97FF3688-4409-C589-EE32-3898FD6BC7E6}.Debug|Any CPU.Build.0 = Debug|Any CPU
		{97FF3688-4409-C589-EE32-3898FD6BC7E6}.Release|Any CPU.ActiveCfg = Release|Any CPU
		{97FF3688-4409-C589-EE32-3898FD6BC7E6}.Release|Any CPU.Build.0 = Release|Any CPU
		{B152742B-B98F-DEF1-7EC0-684D8FD25DDB}.Debug|Any CPU.ActiveCfg = Debug|Any CPU
		{B152742B-B98F-DEF1-7EC0-684D8FD25DDB}.Debug|Any CPU.Build.0 = Debug|Any CPU
		{B152742B-B98F-DEF1-7EC0-684D8FD25DDB}.Release|Any CPU.ActiveCfg = Release|Any CPU
		{B152742B-B98F-DEF1-7EC0-684D8FD25DDB}.Release|Any CPU.Build.0 = Release|Any CPU
		{7DC8FF95-3E7C-0676-80D9-86AADFF1F077}.Debug|Any CPU.ActiveCfg = Debug|Any CPU
		{7DC8FF95-3E7C-0676-80D9-86AADFF1F077}.Debug|Any CPU.Build.0 = Debug|Any CPU
		{7DC8FF95-3E7C-0676-80D9-86AADFF1F077}.Release|Any CPU.ActiveCfg = Release|Any CPU
		{7DC8FF95-3E7C-0676-80D9-86AADFF1F077}.Release|Any CPU.Build.0 = Release|Any CPU
		{4048681B-0159-955F-A7CC-2C5C2CE87FD3}.Debug|Any CPU.ActiveCfg = Debug|Any CPU
		{4048681B-0159-955F-A7CC-2C5C2CE87FD3}.Debug|Any CPU.Build.0 = Debug|Any CPU
		{4048681B-0159-955F-A7CC-2C5C2CE87FD3}.Release|Any CPU.ActiveCfg = Release|Any CPU
		{4048681B-0159-955F-A7CC-2C5C2CE87FD3}.Release|Any CPU.Build.0 = Release|Any CPU
	EndGlobalSection
	GlobalSection(SolutionProperties) = preSolution
		HideSolutionNode = FALSE
	EndGlobalSection
EndGlobal
